
Microsoft Visual Studio Solution File, Format Version 12.00
# Visual Studio Version 16
VisualStudioVersion = 16.0.31624.102
MinimumVisualStudioVersion = 10.0.40219.1
Project("{FAE04EC0-301F-11D3-BF4B-00C04F79EFBC}") = "BattreTester", "BattreTester\BattreTester.csproj", "{0843872B-83F9-4A2D-B208-02B8179B5A9C}"
EndProject
Global
	GlobalSection(SolutionConfigurationPlatforms) = preSolution
		Debug|Any CPU = Debug|Any CPU
		Release|Any CPU = Release|Any CPU
	EndGlobalSection
	GlobalSection(ProjectConfigurationPlatforms) = postSolution
		{0843872B-83F9-4A2D-B208-02B8179B5A9C}.Debug|Any CPU.ActiveCfg = Debug|Any CPU
		{0843872B-83F9-4A2D-B208-02B8179B5A9C}.Debug|Any CPU.Build.0 = Debug|Any CPU
		{0843872B-83F9-4A2D-B208-02B8179B5A9C}.Release|Any CPU.ActiveCfg = Release|Any CPU
		{0843872B-83F9-4A2D-B208-02B8179B5A9C}.Release|Any CPU.Build.0 = Release|Any CPU
	EndGlobalSection
	GlobalSection(SolutionProperties) = preSolution
		HideSolutionNode = FALSE
	EndGlobalSection
	GlobalSection(ExtensibilityGlobals) = postSolution
		SolutionGuid = {02F8F2AA-5832-4112-8B1B-66205548D2B6}
	EndGlobalSection
EndGlobal
